# This file is generated by running "yarn install" inside your project.
# Manual changes might be lost - proceed with caution!

__metadata:
  version: 8
  cacheKey: 10

"@kirinami/create-app@workspace:.":
  version: 0.0.0-use.local
  resolution: "@kirinami/create-app@workspace:."
  dependencies:
    kolorist: "npm:^1.8.0"
    minimist: "npm:^1.2.8"
    prompts: "npm:^2.4.2"
  bin:
    kirinami-create-app: main.js
  languageName: unknown
  linkType: soft

"kleur@npm:^3.0.3":
  version: 3.0.3
  resolution: "kleur@npm:3.0.3"
  checksum: 10/0c0ecaf00a5c6173d25059c7db2113850b5457016dfa1d0e3ef26da4704fbb186b4938d7611246d86f0ddf1bccf26828daa5877b1f232a65e7373d0122a83e7f
  languageName: node
  linkType: hard

"kolorist@npm:^1.8.0":
  version: 1.8.0
  resolution: "kolorist@npm:1.8.0"
  checksum: 10/71d5d122951cc65f2f14c3e1d7f8fd91694b374647d4f6deec3816d018cd04a44edd9578d93e00c82c2053b925e5d30a0565746c4171f4ca9fce1a13bd5f3315
  languageName: node
  linkType: hard

"minimist@npm:^1.2.8":
  version: 1.2.8
  resolution: "minimist@npm:1.2.8"
  checksum: 10/908491b6cc15a6c440ba5b22780a0ba89b9810e1aea684e253e43c4e3b8d56ec1dcdd7ea96dde119c29df59c936cde16062159eae4225c691e19c70b432b6e6f
  languageName: node
  linkType: hard

"prompts@npm:^2.4.2":
  version: 2.4.2
  resolution: "prompts@npm:2.4.2"
  dependencies:
    kleur: "npm:^3.0.3"
    sisteransi: "npm:^1.0.5"
  checksum: 10/c52536521a4d21eff4f2f2aa4572446cad227464066365a7167e52ccf8d9839c099f9afec1aba0eed3d5a2514b3e79e0b3e7a1dc326b9acde6b75d27ed74b1a9
  languageName: node
  linkType: hard

"sisteransi@npm:^1.0.5":
  version: 1.0.5
  resolution: "sisteransi@npm:1.0.5"
  checksum: 10/aba6438f46d2bfcef94cf112c835ab395172c75f67453fe05c340c770d3c402363018ae1ab4172a1026a90c47eaccf3af7b6ff6fa749a680c2929bd7fa2b37a4
  languageName: node
  linkType: hard
